// !$*UTF8*$!
{
	archiveVersion = 1;
	classes = {
	};
	objectVersion = 46;
	objects = {

/* Begin PBXBuildFile section */
		014104401D1C8E0700CE85F7 /* LabelSettingsViewController.swift in Sources */ = {isa = PBXBuildFile; fileRef = 0141043F1D1C8E0700CE85F7 /* LabelSettingsViewController.swift */; };
		014104431D1C972000CE85F7 /* RepeatSettingsViewController.swift in Sources */ = {isa = PBXBuildFile; fileRef = 014104421D1C972000CE85F7 /* RepeatSettingsViewController.swift */; };
		014104461D1CB70E00CE85F7 /* SoundSettingsViewController.swift in Sources */ = {isa = PBXBuildFile; fileRef = 014104451D1CB70E00CE85F7 /* SoundSettingsViewController.swift */; };
		0141044A1D1D364200CE85F7 /* FajrWakeCell.swift in Sources */ = {isa = PBXBuildFile; fileRef = 014104491D1D364200CE85F7 /* FajrWakeCell.swift */; };
		0143A6BC1D63E5A100652F0D /* AdhanAbdulBasitCut.wav in Resources */ = {isa = PBXBuildFile; fileRef = 0143A6BB1D63E5A100652F0D /* AdhanAbdulBasitCut.wav */; };
		0152D6411CEF0FCC004FFC04 /* AppDelegate.swift in Sources */ = {isa = PBXBuildFile; fileRef = 0152D6401CEF0FCC004FFC04 /* AppDelegate.swift */; };
		0152D6461CEF0FCC004FFC04 /* Main.storyboard in Resources */ = {isa = PBXBuildFile; fileRef = 0152D6441CEF0FCC004FFC04 /* Main.storyboard */; };
		0152D6481CEF0FCC004FFC04 /* Assets.xcassets in Resources */ = {isa = PBXBuildFile; fileRef = 0152D6471CEF0FCC004FFC04 /* Assets.xcassets */; };
		0152D64B1CEF0FCC004FFC04 /* LaunchScreen.storyboard in Resources */ = {isa = PBXBuildFile; fileRef = 0152D6491CEF0FCC004FFC04 /* LaunchScreen.storyboard */; };
		0152D6531CEF1048004FFC04 /* PrayerTimes.swift in Sources */ = {isa = PBXBuildFile; fileRef = 0152D6521CEF1048004FFC04 /* PrayerTimes.swift */; };
		0152D6571CEF1071004FFC04 /* FajrWakeModel.swift in Sources */ = {isa = PBXBuildFile; fileRef = 0152D6561CEF1071004FFC04 /* FajrWakeModel.swift */; };
		0153F0251D22BA0200C08FB0 /* AlarmTypeViewController.swift in Sources */ = {isa = PBXBuildFile; fileRef = 0153F0241D22BA0200C08FB0 /* AlarmTypeViewController.swift */; };
		0153F04B1D26697300C08FB0 /* Sounds in Resources */ = {isa = PBXBuildFile; fileRef = 0153F04A1D26697300C08FB0 /* Sounds */; };
		01591FE01D1ED21E00D5DF73 /* AddAlarmChoicesContainer.swift in Sources */ = {isa = PBXBuildFile; fileRef = 01591FDF1D1ED21E00D5DF73 /* AddAlarmChoicesContainer.swift */; };
		01591FE21D1ED3DA00D5DF73 /* AddAlarmMasterViewController.swift in Sources */ = {isa = PBXBuildFile; fileRef = 01591FE11D1ED3DA00D5DF73 /* AddAlarmMasterViewController.swift */; };
		01591FE61D1FC64B00D5DF73 /* FajrAlarmPickerVCContainer.swift in Sources */ = {isa = PBXBuildFile; fileRef = 01591FE51D1FC64B00D5DF73 /* FajrAlarmPickerVCContainer.swift */; };
		01591FEA1D2008E500D5DF73 /* CustomAlarmPickerVCContainer.swift in Sources */ = {isa = PBXBuildFile; fileRef = 01591FE91D2008E500D5DF73 /* CustomAlarmPickerVCContainer.swift */; };
		0176D6C71D0FA79800A5BB01 /* FajrWakeViewController.swift in Sources */ = {isa = PBXBuildFile; fileRef = 0176D6C61D0FA79800A5BB01 /* FajrWakeViewController.swift */; };
		018D51041D5B685800B16535 /* IJProgressView.swift in Sources */ = {isa = PBXBuildFile; fileRef = 018D51031D5B685600B16535 /* IJProgressView.swift */; };
		01A3A8201D12F43A00DE4CE9 /* OneShotLocationManager.swift in Sources */ = {isa = PBXBuildFile; fileRef = 01A3A81F1D12F43A00DE4CE9 /* OneShotLocationManager.swift */; };
		01A3A8261D13C20400DE4CE9 /* SettingsViewController.swift in Sources */ = {isa = PBXBuildFile; fileRef = 01A3A8251D13C20400DE4CE9 /* SettingsViewController.swift */; };
		01A3A8281D13C5A600DE4CE9 /* CalculationMethodTableViewController.swift in Sources */ = {isa = PBXBuildFile; fileRef = 01A3A8271D13C5A600DE4CE9 /* CalculationMethodTableViewController.swift */; };
/* End PBXBuildFile section */

/* Begin PBXFileReference section */
		0141043F1D1C8E0700CE85F7 /* LabelSettingsViewController.swift */ = {isa = PBXFileReference; fileEncoding = 4; lastKnownFileType = sourcecode.swift; path = LabelSettingsViewController.swift; sourceTree = "<group>"; };
		014104421D1C972000CE85F7 /* RepeatSettingsViewController.swift */ = {isa = PBXFileReference; fileEncoding = 4; lastKnownFileType = sourcecode.swift; path = RepeatSettingsViewController.swift; sourceTree = "<group>"; };
		014104451D1CB70E00CE85F7 /* SoundSettingsViewController.swift */ = {isa = PBXFileReference; fileEncoding = 4; lastKnownFileType = sourcecode.swift; path = SoundSettingsViewController.swift; sourceTree = "<group>"; };
		014104491D1D364200CE85F7 /* FajrWakeCell.swift */ = {isa = PBXFileReference; fileEncoding = 4; lastKnownFileType = sourcecode.swift; path = FajrWakeCell.swift; sourceTree = "<group>"; };
		0143A6BB1D63E5A100652F0D /* AdhanAbdulBasitCut.wav */ = {isa = PBXFileReference; lastKnownFileType = audio.wav; path = AdhanAbdulBasitCut.wav; sourceTree = "<group>"; };
		0152D63D1CEF0FCB004FFC04 /* Fajr Wake.app */ = {isa = PBXFileReference; explicitFileType = wrapper.application; includeInIndex = 0; path = "Fajr Wake.app"; sourceTree = BUILT_PRODUCTS_DIR; };
		0152D6401CEF0FCC004FFC04 /* AppDelegate.swift */ = {isa = PBXFileReference; lastKnownFileType = sourcecode.swift; path = AppDelegate.swift; sourceTree = "<group>"; };
		0152D6451CEF0FCC004FFC04 /* Base */ = {isa = PBXFileReference; lastKnownFileType = file.storyboard; name = Base; path = Base.lproj/Main.storyboard; sourceTree = "<group>"; };
		0152D6471CEF0FCC004FFC04 /* Assets.xcassets */ = {isa = PBXFileReference; lastKnownFileType = folder.assetcatalog; path = Assets.xcassets; sourceTree = "<group>"; };
		0152D64A1CEF0FCC004FFC04 /* Base */ = {isa = PBXFileReference; lastKnownFileType = file.storyboard; name = Base; path = Base.lproj/LaunchScreen.storyboard; sourceTree = "<group>"; };
		0152D64C1CEF0FCC004FFC04 /* Info.plist */ = {isa = PBXFileReference; lastKnownFileType = text.plist.xml; path = Info.plist; sourceTree = "<group>"; };
		0152D6521CEF1048004FFC04 /* PrayerTimes.swift */ = {isa = PBXFileReference; fileEncoding = 4; lastKnownFileType = sourcecode.swift; path = PrayerTimes.swift; sourceTree = "<group>"; };
		0152D6561CEF1071004FFC04 /* FajrWakeModel.swift */ = {isa = PBXFileReference; fileEncoding = 4; lastKnownFileType = sourcecode.swift; path = FajrWakeModel.swift; sourceTree = "<group>"; };
		0153F0241D22BA0200C08FB0 /* AlarmTypeViewController.swift */ = {isa = PBXFileReference; fileEncoding = 4; lastKnownFileType = sourcecode.swift; path = AlarmTypeViewController.swift; sourceTree = "<group>"; };
		0153F04A1D26697300C08FB0 /* Sounds */ = {isa = PBXFileReference; lastKnownFileType = folder; path = Sounds; sourceTree = "<group>"; };
		01591FDF1D1ED21E00D5DF73 /* AddAlarmChoicesContainer.swift */ = {isa = PBXFileReference; fileEncoding = 4; lastKnownFileType = sourcecode.swift; path = AddAlarmChoicesContainer.swift; sourceTree = "<group>"; };
		01591FE11D1ED3DA00D5DF73 /* AddAlarmMasterViewController.swift */ = {isa = PBXFileReference; fileEncoding = 4; lastKnownFileType = sourcecode.swift; path = AddAlarmMasterViewController.swift; sourceTree = "<group>"; };
		01591FE51D1FC64B00D5DF73 /* FajrAlarmPickerVCContainer.swift */ = {isa = PBXFileReference; fileEncoding = 4; lastKnownFileType = sourcecode.swift; path = FajrAlarmPickerVCContainer.swift; sourceTree = "<group>"; };
		01591FE91D2008E500D5DF73 /* CustomAlarmPickerVCContainer.swift */ = {isa = PBXFileReference; fileEncoding = 4; lastKnownFileType = sourcecode.swift; path = CustomAlarmPickerVCContainer.swift; sourceTree = "<group>"; };
		0176D6C61D0FA79800A5BB01 /* FajrWakeViewController.swift */ = {isa = PBXFileReference; fileEncoding = 4; lastKnownFileType = sourcecode.swift; path = FajrWakeViewController.swift; sourceTree = "<group>"; };
		018D51031D5B685600B16535 /* IJProgressView.swift */ = {isa = PBXFileReference; fileEncoding = 4; lastKnownFileType = sourcecode.swift; path = IJProgressView.swift; sourceTree = "<group>"; };
		01A3A81F1D12F43A00DE4CE9 /* OneShotLocationManager.swift */ = {isa = PBXFileReference; fileEncoding = 4; lastKnownFileType = sourcecode.swift; path = OneShotLocationManager.swift; sourceTree = "<group>"; };
		01A3A8251D13C20400DE4CE9 /* SettingsViewController.swift */ = {isa = PBXFileReference; fileEncoding = 4; lastKnownFileType = sourcecode.swift; path = SettingsViewController.swift; sourceTree = "<group>"; };
		01A3A8271D13C5A600DE4CE9 /* CalculationMethodTableViewController.swift */ = {isa = PBXFileReference; fileEncoding = 4; lastKnownFileType = sourcecode.swift; path = CalculationMethodTableViewController.swift; sourceTree = "<group>"; };
		01B5A3B11D5E2A3C008CD13F /* Fajr Wake.entitlements */ = {isa = PBXFileReference; lastKnownFileType = text.xml; path = "Fajr Wake.entitlements"; sourceTree = "<group>"; };
/* End PBXFileReference section */

/* Begin PBXFrameworksBuildPhase section */
		0152D63A1CEF0FCB004FFC04 /* Frameworks */ = {
			isa = PBXFrameworksBuildPhase;
			buildActionMask = 2147483647;
			files = (
			);
			runOnlyForDeploymentPostprocessing = 0;
		};
/* End PBXFrameworksBuildPhase section */

/* Begin PBXGroup section */
		014104411D1C8E1200CE85F7 /* AddAlarm */ = {
			isa = PBXGroup;
			children = (
				01591FE11D1ED3DA00D5DF73 /* AddAlarmMasterViewController.swift */,
				0153F0501D27FBBA00C08FB0 /* Pickers */,
				0153F0511D27FC0300C08FB0 /* Choices */,
			);
			name = AddAlarm;
			sourceTree = "<group>";
		};
		014104441D1C99AB00CE85F7 /* Settings */ = {
			isa = PBXGroup;
			children = (
				01A3A8251D13C20400DE4CE9 /* SettingsViewController.swift */,
				01A3A8271D13C5A600DE4CE9 /* CalculationMethodTableViewController.swift */,
			);
			name = Settings;
			sourceTree = "<group>";
		};
		0152D6341CEF0FCB004FFC04 = {
			isa = PBXGroup;
			children = (
				0152D63F1CEF0FCB004FFC04 /* Fajr Wake */,
				0152D63E1CEF0FCB004FFC04 /* Products */,
			);
			sourceTree = "<group>";
		};
		0152D63E1CEF0FCB004FFC04 /* Products */ = {
			isa = PBXGroup;
			children = (
				0152D63D1CEF0FCB004FFC04 /* Fajr Wake.app */,
			);
			name = Products;
			sourceTree = "<group>";
		};
		0152D63F1CEF0FCB004FFC04 /* Fajr Wake */ = {
			isa = PBXGroup;
			children = (
				01B5A3B11D5E2A3C008CD13F /* Fajr Wake.entitlements */,
				0152D6401CEF0FCC004FFC04 /* AppDelegate.swift */,
				0176D6BC1D0E53FE00A5BB01 /* Controllers */,
				0152D6441CEF0FCC004FFC04 /* Main.storyboard */,
				0152D6471CEF0FCC004FFC04 /* Assets.xcassets */,
				0143A6BB1D63E5A100652F0D /* AdhanAbdulBasitCut.wav */,
				0153F04A1D26697300C08FB0 /* Sounds */,
				0152D6491CEF0FCC004FFC04 /* LaunchScreen.storyboard */,
				0152D64C1CEF0FCC004FFC04 /* Info.plist */,
				0176D6BD1D0E541E00A5BB01 /* Framework files */,
			);
			path = "Fajr Wake";
			sourceTree = "<group>";
		};
		0153F0501D27FBBA00C08FB0 /* Pickers */ = {
			isa = PBXGroup;
			children = (
				01591FE51D1FC64B00D5DF73 /* FajrAlarmPickerVCContainer.swift */,
				01591FE91D2008E500D5DF73 /* CustomAlarmPickerVCContainer.swift */,
			);
			name = Pickers;
			sourceTree = "<group>";
		};
		0153F0511D27FC0300C08FB0 /* Choices */ = {
			isa = PBXGroup;
			children = (
				01591FDF1D1ED21E00D5DF73 /* AddAlarmChoicesContainer.swift */,
				0153F0241D22BA0200C08FB0 /* AlarmTypeViewController.swift */,
				014104421D1C972000CE85F7 /* RepeatSettingsViewController.swift */,
				0141043F1D1C8E0700CE85F7 /* LabelSettingsViewController.swift */,
				014104451D1CB70E00CE85F7 /* SoundSettingsViewController.swift */,
			);
			name = Choices;
			sourceTree = "<group>";
		};
		0176D6BC1D0E53FE00A5BB01 /* Controllers */ = {
			isa = PBXGroup;
			children = (
				0176D6C61D0FA79800A5BB01 /* FajrWakeViewController.swift */,
				014104491D1D364200CE85F7 /* FajrWakeCell.swift */,
				014104411D1C8E1200CE85F7 /* AddAlarm */,
				014104441D1C99AB00CE85F7 /* Settings */,
				0152D6561CEF1071004FFC04 /* FajrWakeModel.swift */,
			);
			name = Controllers;
			sourceTree = "<group>";
		};
		0176D6BD1D0E541E00A5BB01 /* Framework files */ = {
			isa = PBXGroup;
			children = (
				0152D6521CEF1048004FFC04 /* PrayerTimes.swift */,
				018D51031D5B685600B16535 /* IJProgressView.swift */,
				01A3A81F1D12F43A00DE4CE9 /* OneShotLocationManager.swift */,
			);
			name = "Framework files";
			sourceTree = "<group>";
		};
/* End PBXGroup section */

/* Begin PBXNativeTarget section */
		0152D63C1CEF0FCB004FFC04 /* Fajr Wake */ = {
			isa = PBXNativeTarget;
			buildConfigurationList = 0152D64F1CEF0FCC004FFC04 /* Build configuration list for PBXNativeTarget "Fajr Wake" */;
			buildPhases = (
				0152D6391CEF0FCB004FFC04 /* Sources */,
				0152D63A1CEF0FCB004FFC04 /* Frameworks */,
				0152D63B1CEF0FCB004FFC04 /* Resources */,
			);
			buildRules = (
			);
			dependencies = (
			);
			name = "Fajr Wake";
			productName = "Fajr Wake";
			productReference = 0152D63D1CEF0FCB004FFC04 /* Fajr Wake.app */;
			productType = "com.apple.product-type.application";
		};
/* End PBXNativeTarget section */

/* Begin PBXProject section */
		0152D6351CEF0FCB004FFC04 /* Project object */ = {
			isa = PBXProject;
			attributes = {
				LastSwiftUpdateCheck = 0730;
				LastUpgradeCheck = 0730;
				ORGANIZATIONNAME = "Fajr Wake";
				TargetAttributes = {
					0152D63C1CEF0FCB004FFC04 = {
						CreatedOnToolsVersion = 7.3.1;
						DevelopmentTeam = M6ZVBN5V88;
						SystemCapabilities = {
							com.apple.Keychain = {
								enabled = 0;
							};
						};
					};
				};
			};
			buildConfigurationList = 0152D6381CEF0FCB004FFC04 /* Build configuration list for PBXProject "Fajr Wake" */;
			compatibilityVersion = "Xcode 3.2";
			developmentRegion = English;
			hasScannedForEncodings = 0;
			knownRegions = (
				en,
				Base,
			);
			mainGroup = 0152D6341CEF0FCB004FFC04;
			productRefGroup = 0152D63E1CEF0FCB004FFC04 /* Products */;
			projectDirPath = "";
			projectRoot = "";
			targets = (
				0152D63C1CEF0FCB004FFC04 /* Fajr Wake */,
			);
		};
/* End PBXProject section */

/* Begin PBXResourcesBuildPhase section */
		0152D63B1CEF0FCB004FFC04 /* Resources */ = {
			isa = PBXResourcesBuildPhase;
			buildActionMask = 2147483647;
			files = (
				0152D64B1CEF0FCC004FFC04 /* LaunchScreen.storyboard in Resources */,
				0143A6BC1D63E5A100652F0D /* AdhanAbdulBasitCut.wav in Resources */,
				0152D6481CEF0FCC004FFC04 /* Assets.xcassets in Resources */,
				0153F04B1D26697300C08FB0 /* Sounds in Resources */,
				0152D6461CEF0FCC004FFC04 /* Main.storyboard in Resources */,
			);
			runOnlyForDeploymentPostprocessing = 0;
		};
/* End PBXResourcesBuildPhase section */

/* Begin PBXSourcesBuildPhase section */
		0152D6391CEF0FCB004FFC04 /* Sources */ = {
			isa = PBXSourcesBuildPhase;
			buildActionMask = 2147483647;
			files = (
				01591FE01D1ED21E00D5DF73 /* AddAlarmChoicesContainer.swift in Sources */,
				0152D6571CEF1071004FFC04 /* FajrWakeModel.swift in Sources */,
				0176D6C71D0FA79800A5BB01 /* FajrWakeViewController.swift in Sources */,
				0152D6531CEF1048004FFC04 /* PrayerTimes.swift in Sources */,
				01A3A8261D13C20400DE4CE9 /* SettingsViewController.swift in Sources */,
				01A3A8201D12F43A00DE4CE9 /* OneShotLocationManager.swift in Sources */,
				018D51041D5B685800B16535 /* IJProgressView.swift in Sources */,
				0153F0251D22BA0200C08FB0 /* AlarmTypeViewController.swift in Sources */,
				01591FE61D1FC64B00D5DF73 /* FajrAlarmPickerVCContainer.swift in Sources */,
				014104401D1C8E0700CE85F7 /* LabelSettingsViewController.swift in Sources */,
				014104431D1C972000CE85F7 /* RepeatSettingsViewController.swift in Sources */,
				01591FEA1D2008E500D5DF73 /* CustomAlarmPickerVCContainer.swift in Sources */,
				01A3A8281D13C5A600DE4CE9 /* CalculationMethodTableViewController.swift in Sources */,
				0141044A1D1D364200CE85F7 /* FajrWakeCell.swift in Sources */,
				01591FE21D1ED3DA00D5DF73 /* AddAlarmMasterViewController.swift in Sources */,
				0152D6411CEF0FCC004FFC04 /* AppDelegate.swift in Sources */,
				014104461D1CB70E00CE85F7 /* SoundSettingsViewController.swift in Sources */,
			);
			runOnlyForDeploymentPostprocessing = 0;
		};
/* End PBXSourcesBuildPhase section */

/* Begin PBXVariantGroup section */
		0152D6441CEF0FCC004FFC04 /* Main.storyboard */ = {
			isa = PBXVariantGroup;
			children = (
				0152D6451CEF0FCC004FFC04 /* Base */,
			);
			name = Main.storyboard;
			sourceTree = "<group>";
		};
		0152D6491CEF0FCC004FFC04 /* LaunchScreen.storyboard */ = {
			isa = PBXVariantGroup;
			children = (
				0152D64A1CEF0FCC004FFC04 /* Base */,
			);
			name = LaunchScreen.storyboard;
			sourceTree = "<group>";
		};
/* End PBXVariantGroup section */

/* Begin XCBuildConfiguration section */
		0152D64D1CEF0FCC004FFC04 /* Debug */ = {
			isa = XCBuildConfiguration;
			buildSettings = {
				ALWAYS_SEARCH_USER_PATHS = NO;
				CLANG_ANALYZER_NONNULL = YES;
				CLANG_CXX_LANGUAGE_STANDARD = "gnu++0x";
				CLANG_CXX_LIBRARY = "libc++";
				CLANG_ENABLE_MODULES = YES;
				CLANG_ENABLE_OBJC_ARC = YES;
				CLANG_WARN_BOOL_CONVERSION = YES;
				CLANG_WARN_CONSTANT_CONVERSION = YES;
				CLANG_WARN_DIRECT_OBJC_ISA_USAGE = YES_ERROR;
				CLANG_WARN_EMPTY_BODY = YES;
				CLANG_WARN_ENUM_CONVERSION = YES;
				CLANG_WARN_INT_CONVERSION = YES;
				CLANG_WARN_OBJC_ROOT_CLASS = YES_ERROR;
				CLANG_WARN_UNREACHABLE_CODE = YES;
				CLANG_WARN__DUPLICATE_METHOD_MATCH = YES;
				"CODE_SIGN_IDENTITY[sdk=iphoneos*]" = "iPhone Developer";
				COPY_PHASE_STRIP = NO;
				DEBUG_INFORMATION_FORMAT = dwarf;
				ENABLE_STRICT_OBJC_MSGSEND = YES;
				ENABLE_TESTABILITY = YES;
				GCC_C_LANGUAGE_STANDARD = gnu99;
				GCC_DYNAMIC_NO_PIC = NO;
				GCC_NO_COMMON_BLOCKS = YES;
				GCC_OPTIMIZATION_LEVEL = 0;
				GCC_PREPROCESSOR_DEFINITIONS = (
					"DEBUG=1",
					"$(inherited)",
				);
				GCC_WARN_64_TO_32_BIT_CONVERSION = YES;
				GCC_WARN_ABOUT_RETURN_TYPE = YES_ERROR;
				GCC_WARN_UNDECLARED_SELECTOR = YES;
				GCC_WARN_UNINITIALIZED_AUTOS = YES_AGGRESSIVE;
				GCC_WARN_UNUSED_FUNCTION = YES;
				GCC_WARN_UNUSED_VARIABLE = YES;
				IPHONEOS_DEPLOYMENT_TARGET = 9.3;
				MTL_ENABLE_DEBUG_INFO = YES;
				ONLY_ACTIVE_ARCH = YES;
				SDKROOT = iphoneos;
				SWIFT_OPTIMIZATION_LEVEL = "-Onone";
				TARGETED_DEVICE_FAMILY = "1,2";
			};
			name = Debug;
		};
		0152D64E1CEF0FCC004FFC04 /* Release */ = {
			isa = XCBuildConfiguration;
			buildSettings = {
				ALWAYS_SEARCH_USER_PATHS = NO;
				CLANG_ANALYZER_NONNULL = YES;
				CLANG_CXX_LANGUAGE_STANDARD = "gnu++0x";
				CLANG_CXX_LIBRARY = "libc++";
				CLANG_ENABLE_MODULES = YES;
				CLANG_ENABLE_OBJC_ARC = YES;
				CLANG_WARN_BOOL_CONVERSION = YES;
				CLANG_WARN_CONSTANT_CONVERSION = YES;
				CLANG_WARN_DIRECT_OBJC_ISA_USAGE = YES_ERROR;
				CLANG_WARN_EMPTY_BODY = YES;
				CLANG_WARN_ENUM_CONVERSION = YES;
				CLANG_WARN_INT_CONVERSION = YES;
				CLANG_WARN_OBJC_ROOT_CLASS = YES_ERROR;
				CLANG_WARN_UNREACHABLE_CODE = YES;
				CLANG_WARN__DUPLICATE_METHOD_MATCH = YES;
				"CODE_SIGN_IDENTITY[sdk=iphoneos*]" = "iPhone Developer";
				COPY_PHASE_STRIP = NO;
				DEBUG_INFORMATION_FORMAT = "dwarf-with-dsym";
				ENABLE_NS_ASSERTIONS = NO;
				ENABLE_STRICT_OBJC_MSGSEND = YES;
				GCC_C_LANGUAGE_STANDARD = gnu99;
				GCC_NO_COMMON_BLOCKS = YES;
				GCC_WARN_64_TO_32_BIT_CONVERSION = YES;
				GCC_WARN_ABOUT_RETURN_TYPE = YES_ERROR;
				GCC_WARN_UNDECLARED_SELECTOR = YES;
				GCC_WARN_UNINITIALIZED_AUTOS = YES_AGGRESSIVE;
				GCC_WARN_UNUSED_FUNCTION = YES;
				GCC_WARN_UNUSED_VARIABLE = YES;
				IPHONEOS_DEPLOYMENT_TARGET = 9.3;
				MTL_ENABLE_DEBUG_INFO = NO;
				SDKROOT = iphoneos;
				TARGETED_DEVICE_FAMILY = "1,2";
				VALIDATE_PRODUCT = YES;
			};
			name = Release;
		};
		0152D6501CEF0FCC004FFC04 /* Debug */ = {
			isa = XCBuildConfiguration;
			buildSettings = {
				ASSETCATALOG_COMPILER_APPICON_NAME = AppIcon;
				CODE_SIGN_IDENTITY = "iPhone Developer";
				INFOPLIST_FILE = "Fajr Wake/Info.plist";
				IPHONEOS_DEPLOYMENT_TARGET = 9.0;
				LD_RUNPATH_SEARCH_PATHS = "$(inherited) @executable_path/Frameworks";
				PRODUCT_BUNDLE_IDENTIFIER = "com.FajrWake.Fajr-Wake.Fajr-Wake";
				PRODUCT_NAME = "$(TARGET_NAME)";
				TARGETED_DEVICE_FAMILY = 1;
			};
			name = Debug;
		};
		0152D6511CEF0FCC004FFC04 /* Release */ = {
			isa = XCBuildConfiguration;
			buildSettings = {
				ASSETCATALOG_COMPILER_APPICON_NAME = AppIcon;
				CODE_SIGN_IDENTITY = "iPhone Developer";
				INFOPLIST_FILE = "Fajr Wake/Info.plist";
				IPHONEOS_DEPLOYMENT_TARGET = 9.0;
				LD_RUNPATH_SEARCH_PATHS = "$(inherited) @executable_path/Frameworks";
				PRODUCT_BUNDLE_IDENTIFIER = "com.FajrWake.Fajr-Wake.Fajr-Wake";
				PRODUCT_NAME = "$(TARGET_NAME)";
				SWIFT_OPTIMIZATION_LEVEL = "-Onone";
				TARGETED_DEVICE_FAMILY = 1;
			};
			name = Release;
		};
/* End XCBuildConfiguration section */

/* Begin XCConfigurationList section */
		0152D6381CEF0FCB004FFC04 /* Build configuration list for PBXProject "Fajr Wake" */ = {
			isa = XCConfigurationList;
			buildConfigurations = (
				0152D64D1CEF0FCC004FFC04 /* Debug */,
				0152D64E1CEF0FCC004FFC04 /* Release */,
			);
			defaultConfigurationIsVisible = 0;
			defaultConfigurationName = Release;
		};
		0152D64F1CEF0FCC004FFC04 /* Build configuration list for PBXNativeTarget "Fajr Wake" */ = {
			isa = XCConfigurationList;
			buildConfigurations = (
				0152D6501CEF0FCC004FFC04 /* Debug */,
				0152D6511CEF0FCC004FFC04 /* Release */,
			);
			defaultConfigurationIsVisible = 0;
			defaultConfigurationName = Release;
		};
/* End XCConfigurationList section */
	};
	rootObject = 0152D6351CEF0FCB004FFC04 /* Project object */;
}
